
Microsoft Visual Studio Solution File, Format Version 12.00
# Visual Studio Version 16
VisualStudioVersion = 16.0.31129.286
MinimumVisualStudioVersion = 10.0.40219.1
Project("{FAE04EC0-301F-11D3-BF4B-00C04F79EFBC}") = "LoanSoftware", "LoanSoftware\LoanSoftware.csproj", "{83A62889-9869-4049-9F31-FC52733EAFB7}"
EndProject
Global
	GlobalSection(SolutionConfigurationPlatforms) = preSolution
		Debug|Any CPU = Debug|Any CPU
		Release|Any CPU = Release|Any CPU
	EndGlobalSection
	GlobalSection(ProjectConfigurationPlatforms) = postSolution
		{83A62889-9869-4049-9F31-FC52733EAFB7}.Debug|Any CPU.ActiveCfg = Debug|Any CPU
		{83A62889-9869-4049-9F31-FC52733EAFB7}.Debug|Any CPU.Build.0 = Debug|Any CPU
		{83A62889-9869-4049-9F31-FC52733EAFB7}.Release|Any CPU.ActiveCfg = Release|Any CPU
		{83A62889-9869-4049-9F31-FC52733EAFB7}.Release|Any CPU.Build.0 = Release|Any CPU
	EndGlobalSection
	GlobalSection(SolutionProperties) = preSolution
		HideSolutionNode = FALSE
	EndGlobalSection
	GlobalSection(ExtensibilityGlobals) = postSolution
		SolutionGuid = {7AFA3D71-4BE4-4337-9C7D-04BDAE2944E5}
	EndGlobalSection
EndGlobal
